
Microsoft Visual Studio Solution File, Format Version 12.00
# Visual Studio Version 17
VisualStudioVersion = 17.0.31903.59
MinimumVisualStudioVersion = 10.0.40219.1
Project("{2150E333-8FDC-42A3-9474-1A3956D46DE8}") = "src", "src", "{3E554B32-DAFA-4A55-9EF2-9BEFD82BDD32}"
EndProject
Project("{FAE04EC0-301F-11D3-BF4B-00C04F79EFBC}") = "main", "src\main\main.csproj", "{B2483092-DCC0-47B3-8E8A-D4F47136AF4B}"
EndProject
Project("{FAE04EC0-301F-11D3-BF4B-00C04F79EFBC}") = "test", "src\test\test.csproj", "{4AAB5EC9-9112-40CA-8481-7C943A9FE070}"
EndProject
Global
	GlobalSection(SolutionConfigurationPlatforms) = preSolution
		Debug|Any CPU = Debug|Any CPU
		Release|Any CPU = Release|Any CPU
	EndGlobalSection
	GlobalSection(SolutionProperties) = preSolution
		HideSolutionNode = FALSE
	EndGlobalSection
	GlobalSection(ProjectConfigurationPlatforms) = postSolution
		{B2483092-DCC0-47B3-8E8A-D4F47136AF4B}.Debug|Any CPU.ActiveCfg = Debug|Any CPU
		{B2483092-DCC0-47B3-8E8A-D4F47136AF4B}.Debug|Any CPU.Build.0 = Debug|Any CPU
		{B2483092-DCC0-47B3-8E8A-D4F47136AF4B}.Release|Any CPU.ActiveCfg = Release|Any CPU
		{B2483092-DCC0-47B3-8E8A-D4F47136AF4B}.Release|Any CPU.Build.0 = Release|Any CPU
		{4AAB5EC9-9112-40CA-8481-7C943A9FE070}.Debug|Any CPU.ActiveCfg = Debug|Any CPU
		{4AAB5EC9-9112-40CA-8481-7C943A9FE070}.Debug|Any CPU.Build.0 = Debug|Any CPU
		{4AAB5EC9-9112-40CA-8481-7C943A9FE070}.Release|Any CPU.ActiveCfg = Release|Any CPU
		{4AAB5EC9-9112-40CA-8481-7C943A9FE070}.Release|Any CPU.Build.0 = Release|Any CPU
	EndGlobalSection
	GlobalSection(NestedProjects) = preSolution
		{B2483092-DCC0-47B3-8E8A-D4F47136AF4B} = {3E554B32-DAFA-4A55-9EF2-9BEFD82BDD32}
		{4AAB5EC9-9112-40CA-8481-7C943A9FE070} = {3E554B32-DAFA-4A55-9EF2-9BEFD82BDD32}
	EndGlobalSection
EndGlobal
